
Microsoft Visual Studio Solution File, Format Version 12.00
# Visual Studio 15
VisualStudioVersion = 15.0.27130.2020
MinimumVisualStudioVersion = 10.0.40219.1
Project("{2150E333-8FDC-42A3-9474-1A3956D46DE8}") = "Solution Items", "Solution Items", "{8B7DDA91-008F-4AF8-BB53-6A6DC920274B}"
	ProjectSection(SolutionItems) = preProject
		README.md = README.md
	EndProjectSection
EndProject
Project("{FAE04EC0-301F-11D3-BF4B-00C04F79EFBC}") = "ExpressionParser", "ExpressionParser\ExpressionParser.csproj", "{869CDC74-F58F-4600-8636-D0B0CCCD4416}"
EndProject
Project("{FAE04EC0-301F-11D3-BF4B-00C04F79EFBC}") = "ExpressionParser.Tests", "ExpressionParser.Tests\ExpressionParser.Tests.csproj", "{D47E6ECF-68CD-4204-9DAA-B227FB4B41D8}"
EndProject
Global
	GlobalSection(SolutionConfigurationPlatforms) = preSolution
		Debug|Any CPU = Debug|Any CPU
		Release|Any CPU = Release|Any CPU
	EndGlobalSection
	GlobalSection(ProjectConfigurationPlatforms) = postSolution
		{869CDC74-F58F-4600-8636-D0B0CCCD4416}.Debug|Any CPU.ActiveCfg = Debug|Any CPU
		{869CDC74-F58F-4600-8636-D0B0CCCD4416}.Debug|Any CPU.Build.0 = Debug|Any CPU
		{869CDC74-F58F-4600-8636-D0B0CCCD4416}.Release|Any CPU.ActiveCfg = Release|Any CPU
		{869CDC74-F58F-4600-8636-D0B0CCCD4416}.Release|Any CPU.Build.0 = Release|Any CPU
		{D47E6ECF-68CD-4204-9DAA-B227FB4B41D8}.Debug|Any CPU.ActiveCfg = Debug|Any CPU
		{D47E6ECF-68CD-4204-9DAA-B227FB4B41D8}.Debug|Any CPU.Build.0 = Debug|Any CPU
		{D47E6ECF-68CD-4204-9DAA-B227FB4B41D8}.Release|Any CPU.ActiveCfg = Release|Any CPU
		{D47E6ECF-68CD-4204-9DAA-B227FB4B41D8}.Release|Any CPU.Build.0 = Release|Any CPU
	EndGlobalSection
	GlobalSection(SolutionProperties) = preSolution
		HideSolutionNode = FALSE
	EndGlobalSection
	GlobalSection(ExtensibilityGlobals) = postSolution
		SolutionGuid = {ADA7D122-23BE-4B93-948E-DABB89299F90}
	EndGlobalSection
	GlobalSection(TeamFoundationVersionControl) = preSolution
		SccNumberOfProjects = 3
		SccEnterpriseProvider = {4CA58AB2-18FA-4F8D-95D4-32DDF27D184C}
		SccTeamFoundationServer = https://andrevianna.visualstudio.com/
		SccLocalPath0 = .
		SccProjectUniqueName1 = ExpressionParser\\ExpressionParser.csproj
		SccProjectName1 = ExpressionParser
		SccLocalPath1 = ExpressionParser
		SccProjectUniqueName2 = ExpressionParser.Tests\\ExpressionParser.Tests.csproj
		SccProjectName2 = ExpressionParser.Tests
		SccLocalPath2 = ExpressionParser.Tests
	EndGlobalSection
EndGlobal
